// !$*UTF8*$!
{
	archiveVersion = 1;
	classes = {
	};
	objectVersion = 50;
	objects = {

/* Begin PBXBuildFile section */
		5E79E05A24F4F3A80001B51D /* AppDelegate.swift in Sources */ = {isa = PBXBuildFile; fileRef = 5E79E05924F4F3A80001B51D /* AppDelegate.swift */; };
		5E79E05C24F4F3A80001B51D /* SceneDelegate.swift in Sources */ = {isa = PBXBuildFile; fileRef = 5E79E05B24F4F3A80001B51D /* SceneDelegate.swift */; };
		5E79E05E24F4F3A80001B51D /* ViewController.swift in Sources */ = {isa = PBXBuildFile; fileRef = 5E79E05D24F4F3A80001B51D /* ViewController.swift */; };
		5E79E06124F4F3A80001B51D /* Main.storyboard in Resources */ = {isa = PBXBuildFile; fileRef = 5E79E05F24F4F3A80001B51D /* Main.storyboard */; };
		5E79E06324F4F3AC0001B51D /* Assets.xcassets in Resources */ = {isa = PBXBuildFile; fileRef = 5E79E06224F4F3AC0001B51D /* Assets.xcassets */; };
		5E79E06624F4F3AC0001B51D /* LaunchScreen.storyboard in Resources */ = {isa = PBXBuildFile; fileRef = 5E79E06424F4F3AC0001B51D /* LaunchScreen.storyboard */; };
		5E79E07124F4F3E60001B51D /* Request.swift in Sources */ = {isa = PBXBuildFile; fileRef = 5E79E07024F4F3E60001B51D /* Request.swift */; };
		5E79E07424F4F4370001B51D /* Client.swift in Sources */ = {isa = PBXBuildFile; fileRef = 5E79E07324F4F4370001B51D /* Client.swift */; };
		5E79E07624F4F61F0001B51D /* ResponseError.swift in Sources */ = {isa = PBXBuildFile; fileRef = 5E79E07524F4F61F0001B51D /* ResponseError.swift */; };
		5E79E07924F4FCD70001B51D /* AuthManager.swift in Sources */ = {isa = PBXBuildFile; fileRef = 5E79E07824F4FCD70001B51D /* AuthManager.swift */; };
		5E79E07C24F4FE050001B51D /* Environment.swift in Sources */ = {isa = PBXBuildFile; fileRef = 5E79E07B24F4FE050001B51D /* Environment.swift */; };
		5E79E07E24F4FEB00001B51D /* GetTokenRequest.swift in Sources */ = {isa = PBXBuildFile; fileRef = 5E79E07D24F4FEB00001B51D /* GetTokenRequest.swift */; };
		5E79E08024F500CC0001B51D /* RegisterRequest.swift in Sources */ = {isa = PBXBuildFile; fileRef = 5E79E07F24F500CC0001B51D /* RegisterRequest.swift */; };
/* End PBXBuildFile section */

/* Begin PBXFileReference section */
		5E79E05624F4F3A80001B51D /* NetworkingTester.app */ = {isa = PBXFileReference; explicitFileType = wrapper.application; includeInIndex = 0; path = NetworkingTester.app; sourceTree = BUILT_PRODUCTS_DIR; };
		5E79E05924F4F3A80001B51D /* AppDelegate.swift */ = {isa = PBXFileReference; lastKnownFileType = sourcecode.swift; path = AppDelegate.swift; sourceTree = "<group>"; };
		5E79E05B24F4F3A80001B51D /* SceneDelegate.swift */ = {isa = PBXFileReference; lastKnownFileType = sourcecode.swift; path = SceneDelegate.swift; sourceTree = "<group>"; };
		5E79E05D24F4F3A80001B51D /* ViewController.swift */ = {isa = PBXFileReference; lastKnownFileType = sourcecode.swift; path = ViewController.swift; sourceTree = "<group>"; };
		5E79E06024F4F3A80001B51D /* Base */ = {isa = PBXFileReference; lastKnownFileType = file.storyboard; name = Base; path = Base.lproj/Main.storyboard; sourceTree = "<group>"; };
		5E79E06224F4F3AC0001B51D /* Assets.xcassets */ = {isa = PBXFileReference; lastKnownFileType = folder.assetcatalog; path = Assets.xcassets; sourceTree = "<group>"; };
		5E79E06524F4F3AC0001B51D /* Base */ = {isa = PBXFileReference; lastKnownFileType = file.storyboard; name = Base; path = Base.lproj/LaunchScreen.storyboard; sourceTree = "<group>"; };
		5E79E06724F4F3AC0001B51D /* Info.plist */ = {isa = PBXFileReference; lastKnownFileType = text.plist.xml; path = Info.plist; sourceTree = "<group>"; };
		5E79E07024F4F3E60001B51D /* Request.swift */ = {isa = PBXFileReference; lastKnownFileType = sourcecode.swift; path = Request.swift; sourceTree = "<group>"; };
		5E79E07324F4F4370001B51D /* Client.swift */ = {isa = PBXFileReference; lastKnownFileType = sourcecode.swift; path = Client.swift; sourceTree = "<group>"; };
		5E79E07524F4F61F0001B51D /* ResponseError.swift */ = {isa = PBXFileReference; lastKnownFileType = sourcecode.swift; path = ResponseError.swift; sourceTree = "<group>"; };
		5E79E07824F4FCD70001B51D /* AuthManager.swift */ = {isa = PBXFileReference; lastKnownFileType = sourcecode.swift; path = AuthManager.swift; sourceTree = "<group>"; };
		5E79E07B24F4FE050001B51D /* Environment.swift */ = {isa = PBXFileReference; lastKnownFileType = sourcecode.swift; path = Environment.swift; sourceTree = "<group>"; };
		5E79E07D24F4FEB00001B51D /* GetTokenRequest.swift */ = {isa = PBXFileReference; lastKnownFileType = sourcecode.swift; path = GetTokenRequest.swift; sourceTree = "<group>"; };
		5E79E07F24F500CC0001B51D /* RegisterRequest.swift */ = {isa = PBXFileReference; lastKnownFileType = sourcecode.swift; path = RegisterRequest.swift; sourceTree = "<group>"; };
/* End PBXFileReference section */

/* Begin PBXFrameworksBuildPhase section */
		5E79E05324F4F3A80001B51D /* Frameworks */ = {
			isa = PBXFrameworksBuildPhase;
			buildActionMask = 2147483647;
			files = (
			);
			runOnlyForDeploymentPostprocessing = 0;
		};
/* End PBXFrameworksBuildPhase section */

/* Begin PBXGroup section */
		5E79E04D24F4F3A80001B51D = {
			isa = PBXGroup;
			children = (
				5E79E05824F4F3A80001B51D /* NetworkingTester */,
				5E79E05724F4F3A80001B51D /* Products */,
			);
			sourceTree = "<group>";
		};
		5E79E05724F4F3A80001B51D /* Products */ = {
			isa = PBXGroup;
			children = (
				5E79E05624F4F3A80001B51D /* NetworkingTester.app */,
			);
			name = Products;
			sourceTree = "<group>";
		};
		5E79E05824F4F3A80001B51D /* NetworkingTester */ = {
			isa = PBXGroup;
			children = (
				5E79E06F24F4F3DA0001B51D /* Networking */,
				5E79E05924F4F3A80001B51D /* AppDelegate.swift */,
				5E79E05B24F4F3A80001B51D /* SceneDelegate.swift */,
				5E79E05D24F4F3A80001B51D /* ViewController.swift */,
				5E79E05F24F4F3A80001B51D /* Main.storyboard */,
				5E79E06224F4F3AC0001B51D /* Assets.xcassets */,
				5E79E06424F4F3AC0001B51D /* LaunchScreen.storyboard */,
				5E79E06724F4F3AC0001B51D /* Info.plist */,
			);
			path = NetworkingTester;
			sourceTree = "<group>";
		};
		5E79E06F24F4F3DA0001B51D /* Networking */ = {
			isa = PBXGroup;
			children = (
				5E79E07A24F4FD2D0001B51D /* Request */,
				5E79E07724F4FCCC0001B51D /* Manager */,
				5E79E07024F4F3E60001B51D /* Request.swift */,
				5E79E07324F4F4370001B51D /* Client.swift */,
				5E79E07524F4F61F0001B51D /* ResponseError.swift */,
				5E79E07B24F4FE050001B51D /* Environment.swift */,
			);
			path = Networking;
			sourceTree = "<group>";
		};
		5E79E07724F4FCCC0001B51D /* Manager */ = {
			isa = PBXGroup;
			children = (
				5E79E07824F4FCD70001B51D /* AuthManager.swift */,
			);
			path = Manager;
			sourceTree = "<group>";
		};
		5E79E07A24F4FD2D0001B51D /* Request */ = {
			isa = PBXGroup;
			children = (
				5E79E07D24F4FEB00001B51D /* GetTokenRequest.swift */,
				5E79E07F24F500CC0001B51D /* RegisterRequest.swift */,
			);
			path = Request;
			sourceTree = "<group>";
		};
/* End PBXGroup section */

/* Begin PBXNativeTarget section */
		5E79E05524F4F3A80001B51D /* NetworkingTester */ = {
			isa = PBXNativeTarget;
			buildConfigurationList = 5E79E06A24F4F3AC0001B51D /* Build configuration list for PBXNativeTarget "NetworkingTester" */;
			buildPhases = (
				5E79E05224F4F3A80001B51D /* Sources */,
				5E79E05324F4F3A80001B51D /* Frameworks */,
				5E79E05424F4F3A80001B51D /* Resources */,
			);
			buildRules = (
			);
			dependencies = (
			);
			name = NetworkingTester;
			productName = NetworkingTester;
			productReference = 5E79E05624F4F3A80001B51D /* NetworkingTester.app */;
			productType = "com.apple.product-type.application";
		};
/* End PBXNativeTarget section */

/* Begin PBXProject section */
		5E79E04E24F4F3A80001B51D /* Project object */ = {
			isa = PBXProject;
			attributes = {
				LastSwiftUpdateCheck = 1150;
				LastUpgradeCheck = 1150;
				ORGANIZATIONNAME = JeremyXue;
				TargetAttributes = {
					5E79E05524F4F3A80001B51D = {
						CreatedOnToolsVersion = 11.5;
					};
				};
			};
			buildConfigurationList = 5E79E05124F4F3A80001B51D /* Build configuration list for PBXProject "NetworkingTester" */;
			compatibilityVersion = "Xcode 9.3";
			developmentRegion = en;
			hasScannedForEncodings = 0;
			knownRegions = (
				en,
				Base,
			);
			mainGroup = 5E79E04D24F4F3A80001B51D;
			productRefGroup = 5E79E05724F4F3A80001B51D /* Products */;
			projectDirPath = "";
			projectRoot = "";
			targets = (
				5E79E05524F4F3A80001B51D /* NetworkingTester */,
			);
		};
/* End PBXProject section */

/* Begin PBXResourcesBuildPhase section */
		5E79E05424F4F3A80001B51D /* Resources */ = {
			isa = PBXResourcesBuildPhase;
			buildActionMask = 2147483647;
			files = (
				5E79E06624F4F3AC0001B51D /* LaunchScreen.storyboard in Resources */,
				5E79E06324F4F3AC0001B51D /* Assets.xcassets in Resources */,
				5E79E06124F4F3A80001B51D /* Main.storyboard in Resources */,
			);
			runOnlyForDeploymentPostprocessing = 0;
		};
/* End PBXResourcesBuildPhase section */

/* Begin PBXSourcesBuildPhase section */
		5E79E05224F4F3A80001B51D /* Sources */ = {
			isa = PBXSourcesBuildPhase;
			buildActionMask = 2147483647;
			files = (
				5E79E07E24F4FEB00001B51D /* GetTokenRequest.swift in Sources */,
				5E79E05E24F4F3A80001B51D /* ViewController.swift in Sources */,
				5E79E08024F500CC0001B51D /* RegisterRequest.swift in Sources */,
				5E79E07C24F4FE050001B51D /* Environment.swift in Sources */,
				5E79E07124F4F3E60001B51D /* Request.swift in Sources */,
				5E79E07924F4FCD70001B51D /* AuthManager.swift in Sources */,
				5E79E05A24F4F3A80001B51D /* AppDelegate.swift in Sources */,
				5E79E07624F4F61F0001B51D /* ResponseError.swift in Sources */,
				5E79E07424F4F4370001B51D /* Client.swift in Sources */,
				5E79E05C24F4F3A80001B51D /* SceneDelegate.swift in Sources */,
			);
			runOnlyForDeploymentPostprocessing = 0;
		};
/* End PBXSourcesBuildPhase section */

/* Begin PBXVariantGroup section */
		5E79E05F24F4F3A80001B51D /* Main.storyboard */ = {
			isa = PBXVariantGroup;
			children = (
				5E79E06024F4F3A80001B51D /* Base */,
			);
			name = Main.storyboard;
			sourceTree = "<group>";
		};
		5E79E06424F4F3AC0001B51D /* LaunchScreen.storyboard */ = {
			isa = PBXVariantGroup;
			children = (
				5E79E06524F4F3AC0001B51D /* Base */,
			);
			name = LaunchScreen.storyboard;
			sourceTree = "<group>";
		};
/* End PBXVariantGroup section */

/* Begin XCBuildConfiguration section */
		5E79E06824F4F3AC0001B51D /* Debug */ = {
			isa = XCBuildConfiguration;
			buildSettings = {
				ALWAYS_SEARCH_USER_PATHS = NO;
				CLANG_ANALYZER_NONNULL = YES;
				CLANG_ANALYZER_NUMBER_OBJECT_CONVERSION = YES_AGGRESSIVE;
				CLANG_CXX_LANGUAGE_STANDARD = "gnu++14";
				CLANG_CXX_LIBRARY = "libc++";
				CLANG_ENABLE_MODULES = YES;
				CLANG_ENABLE_OBJC_ARC = YES;
				CLANG_ENABLE_OBJC_WEAK = YES;
				CLANG_WARN_BLOCK_CAPTURE_AUTORELEASING = YES;
				CLANG_WARN_BOOL_CONVERSION = YES;
				CLANG_WARN_COMMA = YES;
				CLANG_WARN_CONSTANT_CONVERSION = YES;
				CLANG_WARN_DEPRECATED_OBJC_IMPLEMENTATIONS = YES;
				CLANG_WARN_DIRECT_OBJC_ISA_USAGE = YES_ERROR;
				CLANG_WARN_DOCUMENTATION_COMMENTS = YES;
				CLANG_WARN_EMPTY_BODY = YES;
				CLANG_WARN_ENUM_CONVERSION = YES;
				CLANG_WARN_INFINITE_RECURSION = YES;
				CLANG_WARN_INT_CONVERSION = YES;
				CLANG_WARN_NON_LITERAL_NULL_CONVERSION = YES;
				CLANG_WARN_OBJC_IMPLICIT_RETAIN_SELF = YES;
				CLANG_WARN_OBJC_LITERAL_CONVERSION = YES;
				CLANG_WARN_OBJC_ROOT_CLASS = YES_ERROR;
				CLANG_WARN_RANGE_LOOP_ANALYSIS = YES;
				CLANG_WARN_STRICT_PROTOTYPES = YES;
				CLANG_WARN_SUSPICIOUS_MOVE = YES;
				CLANG_WARN_UNGUARDED_AVAILABILITY = YES_AGGRESSIVE;
				CLANG_WARN_UNREACHABLE_CODE = YES;
				CLANG_WARN__DUPLICATE_METHOD_MATCH = YES;
				COPY_PHASE_STRIP = NO;
				DEBUG_INFORMATION_FORMAT = dwarf;
				ENABLE_STRICT_OBJC_MSGSEND = YES;
				ENABLE_TESTABILITY = YES;
				GCC_C_LANGUAGE_STANDARD = gnu11;
				GCC_DYNAMIC_NO_PIC = NO;
				GCC_NO_COMMON_BLOCKS = YES;
				GCC_OPTIMIZATION_LEVEL = 0;
				GCC_PREPROCESSOR_DEFINITIONS = (
					"DEBUG=1",
					"$(inherited)",
				);
				GCC_WARN_64_TO_32_BIT_CONVERSION = YES;
				GCC_WARN_ABOUT_RETURN_TYPE = YES_ERROR;
				GCC_WARN_UNDECLARED_SELECTOR = YES;
				GCC_WARN_UNINITIALIZED_AUTOS = YES_AGGRESSIVE;
				GCC_WARN_UNUSED_FUNCTION = YES;
				GCC_WARN_UNUSED_VARIABLE = YES;
				IPHONEOS_DEPLOYMENT_TARGET = 13.5;
				MTL_ENABLE_DEBUG_INFO = INCLUDE_SOURCE;
				MTL_FAST_MATH = YES;
				ONLY_ACTIVE_ARCH = YES;
				SDKROOT = iphoneos;
				SWIFT_ACTIVE_COMPILATION_CONDITIONS = DEBUG;
				SWIFT_OPTIMIZATION_LEVEL = "-Onone";
			};
			name = Debug;
		};
		5E79E06924F4F3AC0001B51D /* Release */ = {
			isa = XCBuildConfiguration;
			buildSettings = {
				ALWAYS_SEARCH_USER_PATHS = NO;
				CLANG_ANALYZER_NONNULL = YES;
				CLANG_ANALYZER_NUMBER_OBJECT_CONVERSION = YES_AGGRESSIVE;
				CLANG_CXX_LANGUAGE_STANDARD = "gnu++14";
				CLANG_CXX_LIBRARY = "libc++";
				CLANG_ENABLE_MODULES = YES;
				CLANG_ENABLE_OBJC_ARC = YES;
				CLANG_ENABLE_OBJC_WEAK = YES;
				CLANG_WARN_BLOCK_CAPTURE_AUTORELEASING = YES;
				CLANG_WARN_BOOL_CONVERSION = YES;
				CLANG_WARN_COMMA = YES;
				CLANG_WARN_CONSTANT_CONVERSION = YES;
				CLANG_WARN_DEPRECATED_OBJC_IMPLEMENTATIONS = YES;
				CLANG_WARN_DIRECT_OBJC_ISA_USAGE = YES_ERROR;
				CLANG_WARN_DOCUMENTATION_COMMENTS = YES;
				CLANG_WARN_EMPTY_BODY = YES;
				CLANG_WARN_ENUM_CONVERSION = YES;
				CLANG_WARN_INFINITE_RECURSION = YES;
				CLANG_WARN_INT_CONVERSION = YES;
				CLANG_WARN_NON_LITERAL_NULL_CONVERSION = YES;
				CLANG_WARN_OBJC_IMPLICIT_RETAIN_SELF = YES;
				CLANG_WARN_OBJC_LITERAL_CONVERSION = YES;
				CLANG_WARN_OBJC_ROOT_CLASS = YES_ERROR;
				CLANG_WARN_RANGE_LOOP_ANALYSIS = YES;
				CLANG_WARN_STRICT_PROTOTYPES = YES;
				CLANG_WARN_SUSPICIOUS_MOVE = YES;
				CLANG_WARN_UNGUARDED_AVAILABILITY = YES_AGGRESSIVE;
				CLANG_WARN_UNREACHABLE_CODE = YES;
				CLANG_WARN__DUPLICATE_METHOD_MATCH = YES;
				COPY_PHASE_STRIP = NO;
				DEBUG_INFORMATION_FORMAT = "dwarf-with-dsym";
				ENABLE_NS_ASSERTIONS = NO;
				ENABLE_STRICT_OBJC_MSGSEND = YES;
				GCC_C_LANGUAGE_STANDARD = gnu11;
				GCC_NO_COMMON_BLOCKS = YES;
				GCC_WARN_64_TO_32_BIT_CONVERSION = YES;
				GCC_WARN_ABOUT_RETURN_TYPE = YES_ERROR;
				GCC_WARN_UNDECLARED_SELECTOR = YES;
				GCC_WARN_UNINITIALIZED_AUTOS = YES_AGGRESSIVE;
				GCC_WARN_UNUSED_FUNCTION = YES;
				GCC_WARN_UNUSED_VARIABLE = YES;
				IPHONEOS_DEPLOYMENT_TARGET = 13.5;
				MTL_ENABLE_DEBUG_INFO = NO;
				MTL_FAST_MATH = YES;
				SDKROOT = iphoneos;
				SWIFT_COMPILATION_MODE = wholemodule;
				SWIFT_OPTIMIZATION_LEVEL = "-O";
				VALIDATE_PRODUCT = YES;
			};
			name = Release;
		};
		5E79E06B24F4F3AC0001B51D /* Debug */ = {
			isa = XCBuildConfiguration;
			buildSettings = {
				ASSETCATALOG_COMPILER_APPICON_NAME = AppIcon;
				CODE_SIGN_STYLE = Automatic;
				DEVELOPMENT_TEAM = 4PAC9XA99N;
				INFOPLIST_FILE = NetworkingTester/Info.plist;
				LD_RUNPATH_SEARCH_PATHS = (
					"$(inherited)",
					"@executable_path/Frameworks",
				);
				PRODUCT_BUNDLE_IDENTIFIER = com.jeremyxue.NetworkingTester;
				PRODUCT_NAME = "$(TARGET_NAME)";
				SWIFT_VERSION = 5.0;
				TARGETED_DEVICE_FAMILY = "1,2";
			};
			name = Debug;
		};
		5E79E06C24F4F3AC0001B51D /* Release */ = {
			isa = XCBuildConfiguration;
			buildSettings = {
				ASSETCATALOG_COMPILER_APPICON_NAME = AppIcon;
				CODE_SIGN_STYLE = Automatic;
				DEVELOPMENT_TEAM = 4PAC9XA99N;
				INFOPLIST_FILE = NetworkingTester/Info.plist;
				LD_RUNPATH_SEARCH_PATHS = (
					"$(inherited)",
					"@executable_path/Frameworks",
				);
				PRODUCT_BUNDLE_IDENTIFIER = com.jeremyxue.NetworkingTester;
				PRODUCT_NAME = "$(TARGET_NAME)";
				SWIFT_VERSION = 5.0;
				TARGETED_DEVICE_FAMILY = "1,2";
			};
			name = Release;
		};
/* End XCBuildConfiguration section */

/* Begin XCConfigurationList section */
		5E79E05124F4F3A80001B51D /* Build configuration list for PBXProject "NetworkingTester" */ = {
			isa = XCConfigurationList;
			buildConfigurations = (
				5E79E06824F4F3AC0001B51D /* Debug */,
				5E79E06924F4F3AC0001B51D /* Release */,
			);
			defaultConfigurationIsVisible = 0;
			defaultConfigurationName = Release;
		};
		5E79E06A24F4F3AC0001B51D /* Build configuration list for PBXNativeTarget "NetworkingTester" */ = {
			isa = XCConfigurationList;
			buildConfigurations = (
				5E79E06B24F4F3AC0001B51D /* Debug */,
				5E79E06C24F4F3AC0001B51D /* Release */,
			);
			defaultConfigurationIsVisible = 0;
			defaultConfigurationName = Release;
		};
/* End XCConfigurationList section */
	};
	rootObject = 5E79E04E24F4F3A80001B51D /* Project object */;
}
